
Microsoft Visual Studio Solution File, Format Version 12.00
# Visual Studio 15
VisualStudioVersion = 15.0.27703.2047
MinimumVisualStudioVersion = 10.0.40219.1
Project("{FAE04EC0-301F-11D3-BF4B-00C04F79EFBC}") = "SalaryCalculatorTest", "SalaryCalculatorTest\SalaryCalculatorTest.csproj", "{A580866E-F7DE-4B34-98D3-E3CEB6400C8A}"
EndProject
Project("{FAE04EC0-301F-11D3-BF4B-00C04F79EFBC}") = "Calculator", "Calculator\Calculator.csproj", "{0BCFBD6F-D354-4039-8BC2-DC99B8992F97}"
EndProject
Global
	GlobalSection(SolutionConfigurationPlatforms) = preSolution
		Debug|Any CPU = Debug|Any CPU
		Release|Any CPU = Release|Any CPU
	EndGlobalSection
	GlobalSection(ProjectConfigurationPlatforms) = postSolution
		{A580866E-F7DE-4B34-98D3-E3CEB6400C8A}.Debug|Any CPU.ActiveCfg = Debug|Any CPU
		{A580866E-F7DE-4B34-98D3-E3CEB6400C8A}.Debug|Any CPU.Build.0 = Debug|Any CPU
		{A580866E-F7DE-4B34-98D3-E3CEB6400C8A}.Release|Any CPU.ActiveCfg = Release|Any CPU
		{A580866E-F7DE-4B34-98D3-E3CEB6400C8A}.Release|Any CPU.Build.0 = Release|Any CPU
		{0BCFBD6F-D354-4039-8BC2-DC99B8992F97}.Debug|Any CPU.ActiveCfg = Debug|Any CPU
		{0BCFBD6F-D354-4039-8BC2-DC99B8992F97}.Debug|Any CPU.Build.0 = Debug|Any CPU
		{0BCFBD6F-D354-4039-8BC2-DC99B8992F97}.Release|Any CPU.ActiveCfg = Release|Any CPU
		{0BCFBD6F-D354-4039-8BC2-DC99B8992F97}.Release|Any CPU.Build.0 = Release|Any CPU
	EndGlobalSection
	GlobalSection(SolutionProperties) = preSolution
		HideSolutionNode = FALSE
	EndGlobalSection
	GlobalSection(ExtensibilityGlobals) = postSolution
		SolutionGuid = {737E19A8-DD81-43AC-BE99-2A7CCE09A16F}
	EndGlobalSection
EndGlobal
